// !$*UTF8*$!
{
	archiveVersion = 1;
	classes = {
	};
	objectVersion = 48;
	objects = {

/* Begin PBXBuildFile section */
		260FB9CB2221656F008B0291 /* HashTag+CoreDataClass.swift in Sources */ = {isa = PBXBuildFile; fileRef = 260FB9BB2221656F008B0291 /* HashTag+CoreDataClass.swift */; };
		260FB9CC2221656F008B0291 /* HashTag+CoreDataProperties.swift in Sources */ = {isa = PBXBuildFile; fileRef = 260FB9BC2221656F008B0291 /* HashTag+CoreDataProperties.swift */; };
		260FB9CD2221656F008B0291 /* Media+CoreDataClass.swift in Sources */ = {isa = PBXBuildFile; fileRef = 260FB9BD2221656F008B0291 /* Media+CoreDataClass.swift */; };
		260FB9CE2221656F008B0291 /* Media+CoreDataProperties.swift in Sources */ = {isa = PBXBuildFile; fileRef = 260FB9BE2221656F008B0291 /* Media+CoreDataProperties.swift */; };
		260FB9CF2221656F008B0291 /* BookmarkArticles+CoreDataClass.swift in Sources */ = {isa = PBXBuildFile; fileRef = 260FB9BF2221656F008B0291 /* BookmarkArticles+CoreDataClass.swift */; };
		260FB9D02221656F008B0291 /* BookmarkArticles+CoreDataProperties.swift in Sources */ = {isa = PBXBuildFile; fileRef = 260FB9C02221656F008B0291 /* BookmarkArticles+CoreDataProperties.swift */; };
		260FB9D12221656F008B0291 /* LikeDislike+CoreDataClass.swift in Sources */ = {isa = PBXBuildFile; fileRef = 260FB9C12221656F008B0291 /* LikeDislike+CoreDataClass.swift */; };
		260FB9D22221656F008B0291 /* LikeDislike+CoreDataProperties.swift in Sources */ = {isa = PBXBuildFile; fileRef = 260FB9C22221656F008B0291 /* LikeDislike+CoreDataProperties.swift */; };
		260FB9D32221656F008B0291 /* SearchArticles+CoreDataClass.swift in Sources */ = {isa = PBXBuildFile; fileRef = 260FB9C32221656F008B0291 /* SearchArticles+CoreDataClass.swift */; };
		260FB9D42221656F008B0291 /* SearchArticles+CoreDataProperties.swift in Sources */ = {isa = PBXBuildFile; fileRef = 260FB9C42221656F008B0291 /* SearchArticles+CoreDataProperties.swift */; };
		260FB9D52221656F008B0291 /* NewsArticle+CoreDataClass.swift in Sources */ = {isa = PBXBuildFile; fileRef = 260FB9C52221656F008B0291 /* NewsArticle+CoreDataClass.swift */; };
		260FB9D62221656F008B0291 /* NewsArticle+CoreDataProperties.swift in Sources */ = {isa = PBXBuildFile; fileRef = 260FB9C62221656F008B0291 /* NewsArticle+CoreDataProperties.swift */; };
		260FB9D72221656F008B0291 /* Category+CoreDataClass.swift in Sources */ = {isa = PBXBuildFile; fileRef = 260FB9C72221656F008B0291 /* Category+CoreDataClass.swift */; };
		260FB9D82221656F008B0291 /* Category+CoreDataProperties.swift in Sources */ = {isa = PBXBuildFile; fileRef = 260FB9C82221656F008B0291 /* Category+CoreDataProperties.swift */; };
		260FB9D92221656F008B0291 /* NewsURL+CoreDataClass.swift in Sources */ = {isa = PBXBuildFile; fileRef = 260FB9C92221656F008B0291 /* NewsURL+CoreDataClass.swift */; };
		260FB9DA2221656F008B0291 /* NewsURL+CoreDataProperties.swift in Sources */ = {isa = PBXBuildFile; fileRef = 260FB9CA2221656F008B0291 /* NewsURL+CoreDataProperties.swift */; };
		261AA131217F40D20044585C /* APIManager.swift in Sources */ = {isa = PBXBuildFile; fileRef = 261AA130217F40D20044585C /* APIManager.swift */; };
		261AA133217F40F20044585C /* DataManager.swift in Sources */ = {isa = PBXBuildFile; fileRef = 261AA132217F40F20044585C /* DataManager.swift */; };
		263421EF216230F900C8510F /* SignUpVC.swift in Sources */ = {isa = PBXBuildFile; fileRef = 263421EE216230F900C8510F /* SignUpVC.swift */; };
		263421F12162310D00C8510F /* LoginVC.swift in Sources */ = {isa = PBXBuildFile; fileRef = 263421F02162310D00C8510F /* LoginVC.swift */; };
		263421F321624AD200C8510F /* SettingsTVC.swift in Sources */ = {isa = PBXBuildFile; fileRef = 263421F221624AD200C8510F /* SettingsTVC.swift */; };
		263589F721AEBE1800C9A444 /* APITests.swift in Sources */ = {isa = PBXBuildFile; fileRef = 263589F621AEBE1800C9A444 /* APITests.swift */; };
		263589F921AEC00B00C9A444 /* HomeVCTest.swift in Sources */ = {isa = PBXBuildFile; fileRef = 263589F821AEC00B00C9A444 /* HomeVCTest.swift */; };
		263F2D8F216B2DEE00764C45 /* DataModel.swift in Sources */ = {isa = PBXBuildFile; fileRef = 263F2D8E216B2DEE00764C45 /* DataModel.swift */; };
		263F2D9C216B7FC700764C45 /* ProfileVC.swift in Sources */ = {isa = PBXBuildFile; fileRef = 263F2D9B216B7FC700764C45 /* ProfileVC.swift */; };
		2648C69521C915F300CCB657 /* SocialLoginTests.swift in Sources */ = {isa = PBXBuildFile; fileRef = 2648C69421C915F300CCB657 /* SocialLoginTests.swift */; };
		2648C69721C917D500CCB657 /* FunctionalityTests.swift in Sources */ = {isa = PBXBuildFile; fileRef = 2648C69621C917D500CCB657 /* FunctionalityTests.swift */; };
		264C5396219AAAD60050F79D /* Toast.swift in Sources */ = {isa = PBXBuildFile; fileRef = 264C5395219AAAD60050F79D /* Toast.swift */; };
		264E304B2229151E00F73147 /* submenuCVCell.swift in Sources */ = {isa = PBXBuildFile; fileRef = 264E304A2229151E00F73147 /* submenuCVCell.swift */; };
		265E218621649ACE0053E5A0 /* SettingsVC.swift in Sources */ = {isa = PBXBuildFile; fileRef = 265E218521649ACE0053E5A0 /* SettingsVC.swift */; };
		2663DE27224A416A005DCFB5 /* SourceVC.swift in Sources */ = {isa = PBXBuildFile; fileRef = 2663DE26224A416A005DCFB5 /* SourceVC.swift */; };
		2663DE29224B4131005DCFB5 /* sourceTVCell.swift in Sources */ = {isa = PBXBuildFile; fileRef = 2663DE28224B4131005DCFB5 /* sourceTVCell.swift */; };
		2663DE2B224B9A3B005DCFB5 /* ShuffleDetailVC.swift in Sources */ = {isa = PBXBuildFile; fileRef = 2663DE2A224B9A3B005DCFB5 /* ShuffleDetailVC.swift */; };
		266C6B302158C2B6009A0A9D /* SearchResultTVCell.swift in Sources */ = {isa = PBXBuildFile; fileRef = 266C6B2F2158C2B6009A0A9D /* SearchResultTVCell.swift */; };
		26718D0F21CD0117009CC66E /* HomeUITest.swift in Sources */ = {isa = PBXBuildFile; fileRef = 26718D0E21CD0117009CC66E /* HomeUITest.swift */; };
		26718D1121CD01A0009CC66E /* SignUpUITest.swift in Sources */ = {isa = PBXBuildFile; fileRef = 26718D1021CD01A0009CC66E /* SignUpUITest.swift */; };
		2685744821CCBE9400009252 /* LoginUITest.swift in Sources */ = {isa = PBXBuildFile; fileRef = 2685744721CCBE9400009252 /* LoginUITest.swift */; };
		2685CF0F216DDEB300C2CECF /* HelveticaNeueItalic.ttf in Resources */ = {isa = PBXBuildFile; fileRef = 2685CF06216DDEB300C2CECF /* HelveticaNeueItalic.ttf */; };
		2685CF10216DDEB300C2CECF /* HelveticaNeueLightItalic.ttf in Resources */ = {isa = PBXBuildFile; fileRef = 2685CF07216DDEB300C2CECF /* HelveticaNeueLightItalic.ttf */; };
		2685CF11216DDEB300C2CECF /* HelveticaNeueLight.ttf in Resources */ = {isa = PBXBuildFile; fileRef = 2685CF08216DDEB300C2CECF /* HelveticaNeueLight.ttf */; };
		2685CF12216DDEB300C2CECF /* HelveticaNeueUltraLight.ttf in Resources */ = {isa = PBXBuildFile; fileRef = 2685CF09216DDEB300C2CECF /* HelveticaNeueUltraLight.ttf */; };
		2685CF13216DDEB300C2CECF /* HelveticaNeueBold.ttf in Resources */ = {isa = PBXBuildFile; fileRef = 2685CF0A216DDEB300C2CECF /* HelveticaNeueBold.ttf */; };
		2685CF14216DDEB300C2CECF /* HelveticaNeueCondensedBlack.ttf in Resources */ = {isa = PBXBuildFile; fileRef = 2685CF0B216DDEB300C2CECF /* HelveticaNeueCondensedBlack.ttf */; };
		2685CF15216DDEB300C2CECF /* HelveticaNeueUltraLightItal.ttf in Resources */ = {isa = PBXBuildFile; fileRef = 2685CF0C216DDEB300C2CECF /* HelveticaNeueUltraLightItal.ttf */; };
		2685CF16216DDEB300C2CECF /* HelveticaNeueCondensedBold.ttf in Resources */ = {isa = PBXBuildFile; fileRef = 2685CF0D216DDEB300C2CECF /* HelveticaNeueCondensedBold.ttf */; };
		2685CF17216DDEB300C2CECF /* HelveticaNeueBoldItalic.ttf in Resources */ = {isa = PBXBuildFile; fileRef = 2685CF0E216DDEB300C2CECF /* HelveticaNeueBoldItalic.ttf */; };
		268C112321E4C0F300C76B9C /* BookmarkVC.swift in Sources */ = {isa = PBXBuildFile; fileRef = 268C112221E4C0F200C76B9C /* BookmarkVC.swift */; };
		268C112521E4C36E00C76B9C /* BookmarkTVCell.swift in Sources */ = {isa = PBXBuildFile; fileRef = 268C112421E4C36E00C76B9C /* BookmarkTVCell.swift */; };
		2690F3CC21BF8C12003E65CA /* SettingsTVCell.swift in Sources */ = {isa = PBXBuildFile; fileRef = 2690F3CB21BF8C12003E65CA /* SettingsTVCell.swift */; };
		269A53D622016D6B0031DD78 /* BookmarkDetailVC.swift in Sources */ = {isa = PBXBuildFile; fileRef = 269A53D522016D6B0031DD78 /* BookmarkDetailVC.swift */; };
		26ACEA94216733BA000EF3C7 /* CategoryListVC.swift in Sources */ = {isa = PBXBuildFile; fileRef = 26ACEA93216733BA000EF3C7 /* CategoryListVC.swift */; };
		26ACEA96216738BB000EF3C7 /* CategoryListTVCell.swift in Sources */ = {isa = PBXBuildFile; fileRef = 26ACEA95216738BB000EF3C7 /* CategoryListTVCell.swift */; };
		26BEF806222E77700002DEBD /* MenuHashTag+CoreDataClass.swift in Sources */ = {isa = PBXBuildFile; fileRef = 26BEF800222E77700002DEBD /* MenuHashTag+CoreDataClass.swift */; };
		26BEF807222E77700002DEBD /* MenuHashTag+CoreDataProperties.swift in Sources */ = {isa = PBXBuildFile; fileRef = 26BEF801222E77700002DEBD /* MenuHashTag+CoreDataProperties.swift */; };
		26BEF80A222E77700002DEBD /* MenuHeadings+CoreDataClass.swift in Sources */ = {isa = PBXBuildFile; fileRef = 26BEF804222E77700002DEBD /* MenuHeadings+CoreDataClass.swift */; };
		26BEF80B222E77700002DEBD /* MenuHeadings+CoreDataProperties.swift in Sources */ = {isa = PBXBuildFile; fileRef = 26BEF805222E77700002DEBD /* MenuHeadings+CoreDataProperties.swift */; };
		26BEF80E222E7C9F0002DEBD /* HeadingSubMenu+CoreDataClass.swift in Sources */ = {isa = PBXBuildFile; fileRef = 26BEF80C222E7C9F0002DEBD /* HeadingSubMenu+CoreDataClass.swift */; };
		26BEF80F222E7C9F0002DEBD /* HeadingSubMenu+CoreDataProperties.swift in Sources */ = {isa = PBXBuildFile; fileRef = 26BEF80D222E7C9F0002DEBD /* HeadingSubMenu+CoreDataProperties.swift */; };
		26C24721219D95D000A87A3B /* GmailCredentials.plist in Resources */ = {isa = PBXBuildFile; fileRef = 26C24720219D95CF00A87A3B /* GmailCredentials.plist */; };
		26C24723219DA6C200A87A3B /* ForgotPasswordVC.swift in Sources */ = {isa = PBXBuildFile; fileRef = 26C24722219DA6C200A87A3B /* ForgotPasswordVC.swift */; };
		26D3C90A21CBAC9C003F7331 /* AVPlayerView.swift in Sources */ = {isa = PBXBuildFile; fileRef = 26D3C90921CBAC9C003F7331 /* AVPlayerView.swift */; };
		26DE84992223BFF4000A32F7 /* Main.storyboard in Resources */ = {isa = PBXBuildFile; fileRef = 26DE84982223BFF4000A32F7 /* Main.storyboard */; };
		26DE849C2223CC1C000A32F7 /* PeriodicTags+CoreDataClass.swift in Sources */ = {isa = PBXBuildFile; fileRef = 26DE849A2223CC1C000A32F7 /* PeriodicTags+CoreDataClass.swift */; };
		26DE849D2223CC1C000A32F7 /* PeriodicTags+CoreDataProperties.swift in Sources */ = {isa = PBXBuildFile; fileRef = 26DE849B2223CC1C000A32F7 /* PeriodicTags+CoreDataProperties.swift */; };
		26F9A0FB2209B4EC008694BC /* Reachability.swift in Sources */ = {isa = PBXBuildFile; fileRef = 26F9A0FA2209B4EC008694BC /* Reachability.swift */; };
		40DAD2A94E0870B8278E705F /* Pods_NewsAppUITests.framework in Frameworks */ = {isa = PBXBuildFile; fileRef = 53DC2E5EA9235D86628350C7 /* Pods_NewsAppUITests.framework */; };
		421ADFB92156407400C00F6F /* AppDelegate.swift in Sources */ = {isa = PBXBuildFile; fileRef = 421ADFB82156407400C00F6F /* AppDelegate.swift */; };
		421ADFBB2156407400C00F6F /* HomeVC.swift in Sources */ = {isa = PBXBuildFile; fileRef = 421ADFBA2156407400C00F6F /* HomeVC.swift */; };
		421ADFC12156407400C00F6F /* NewsApp.xcdatamodeld in Sources */ = {isa = PBXBuildFile; fileRef = 421ADFBF2156407400C00F6F /* NewsApp.xcdatamodeld */; };
		421ADFC32156407600C00F6F /* Assets.xcassets in Resources */ = {isa = PBXBuildFile; fileRef = 421ADFC22156407600C00F6F /* Assets.xcassets */; };
		421ADFC62156407600C00F6F /* LaunchScreen.storyboard in Resources */ = {isa = PBXBuildFile; fileRef = 421ADFC42156407600C00F6F /* LaunchScreen.storyboard */; };
		421ADFD12156407600C00F6F /* NewsAppTests.swift in Sources */ = {isa = PBXBuildFile; fileRef = 421ADFD02156407600C00F6F /* NewsAppTests.swift */; };
		421ADFDC2156407700C00F6F /* NewsAppUITests.swift in Sources */ = {isa = PBXBuildFile; fileRef = 421ADFDB2156407700C00F6F /* NewsAppUITests.swift */; };
		421ADFEE2156575300C00F6F /* HomeNewsTVCell.swift in Sources */ = {isa = PBXBuildFile; fileRef = 421ADFED2156575300C00F6F /* HomeNewsTVCell.swift */; };
		421ADFF021566FE000C00F6F /* NewsDetailVC.swift in Sources */ = {isa = PBXBuildFile; fileRef = 421ADFEF21566FE000C00F6F /* NewsDetailVC.swift */; };
		421ADFF22156755100C00F6F /* SuggestedNewsCVCell.swift in Sources */ = {isa = PBXBuildFile; fileRef = 421ADFF12156755100C00F6F /* SuggestedNewsCVCell.swift */; };
		422B5C53222118A400091429 /* MenuTVCell.swift in Sources */ = {isa = PBXBuildFile; fileRef = 422B5C52222118A400091429 /* MenuTVCell.swift */; };
		422E5C77222506D800D27E23 /* navmenu.json in Resources */ = {isa = PBXBuildFile; fileRef = 422E5C76222506D700D27E23 /* navmenu.json */; };
		423F0A502170CF19001D52B5 /* ChangePasswordVC.swift in Sources */ = {isa = PBXBuildFile; fileRef = 423F0A4F2170CF18001D52B5 /* ChangePasswordVC.swift */; };
		4265E20821B8E9F800C3F0D7 /* NotificationsName+Extensions.swift in Sources */ = {isa = PBXBuildFile; fileRef = 4265E20721B8E9F800C3F0D7 /* NotificationsName+Extensions.swift */; };
		4266D16321EEF4DA00CBD61A /* AboutUsVC.swift in Sources */ = {isa = PBXBuildFile; fileRef = 4266D16221EEF4DA00CBD61A /* AboutUsVC.swift */; };
		427B430B2180840E00F00269 /* Helper.swift in Sources */ = {isa = PBXBuildFile; fileRef = 427B430A2180840E00F00269 /* Helper.swift */; };
		42A1A807224DEB4F00727882 /* PageControlVC.swift in Sources */ = {isa = PBXBuildFile; fileRef = 42A1A806224DEB4F00727882 /* PageControlVC.swift */; };
		42D12BF2215A0AEB0085EF12 /* SearchVC.swift in Sources */ = {isa = PBXBuildFile; fileRef = 42D12BF1215A0AEB0085EF12 /* SearchVC.swift */; };
		42D12BF4215A0FA60085EF12 /* common.swift in Sources */ = {isa = PBXBuildFile; fileRef = 42D12BF3215A0FA60085EF12 /* common.swift */; };
		42D12BF6215A21E10085EF12 /* credentials.plist in Resources */ = {isa = PBXBuildFile; fileRef = 42D12BF5215A21E10085EF12 /* credentials.plist */; };
		67A622712858FBEA0AC34B88 /* Pods_NewsAppTests.framework in Frameworks */ = {isa = PBXBuildFile; fileRef = AC4F290FDD6066B8786D069C /* Pods_NewsAppTests.framework */; };
		7E1D1399216CC79000FE342A /* HomeParentVC.swift in Sources */ = {isa = PBXBuildFile; fileRef = 7E1D1398216CC79000FE342A /* HomeParentVC.swift */; };
		7E1D139D216CCD9000FE342A /* news.json in Resources */ = {isa = PBXBuildFile; fileRef = 7E1D139C216CCD9000FE342A /* news.json */; };
		B670EE611F915B190EA22ECD /* Pods_NewsApp.framework in Frameworks */ = {isa = PBXBuildFile; fileRef = 20D6E38B73AE2ADA8716870E /* Pods_NewsApp.framework */; };
/* End PBXBuildFile section */

/* Begin PBXContainerItemProxy section */
		421ADFCD2156407600C00F6F /* PBXContainerItemProxy */ = {
			isa = PBXContainerItemProxy;
			containerPortal = 421ADFAD2156407400C00F6F /* Project object */;
			proxyType = 1;
			remoteGlobalIDString = 421ADFB42156407400C00F6F;
			remoteInfo = NewsApp;
		};
		421ADFD82156407600C00F6F /* PBXContainerItemProxy */ = {
			isa = PBXContainerItemProxy;
			containerPortal = 421ADFAD2156407400C00F6F /* Project object */;
			proxyType = 1;
			remoteGlobalIDString = 421ADFB42156407400C00F6F;
			remoteInfo = NewsApp;
		};
/* End PBXContainerItemProxy section */

/* Begin PBXFileReference section */
		20D6E38B73AE2ADA8716870E /* Pods_NewsApp.framework */ = {isa = PBXFileReference; explicitFileType = wrapper.framework; includeInIndex = 0; path = Pods_NewsApp.framework; sourceTree = BUILT_PRODUCTS_DIR; };
		25A121A35B86B7FFE6946B9D /* Pods-NewsAppTests.debug.xcconfig */ = {isa = PBXFileReference; includeInIndex = 1; lastKnownFileType = text.xcconfig; name = "Pods-NewsAppTests.debug.xcconfig"; path = "Pods/Target Support Files/Pods-NewsAppTests/Pods-NewsAppTests.debug.xcconfig"; sourceTree = "<group>"; };
		260FB9BB2221656F008B0291 /* HashTag+CoreDataClass.swift */ = {isa = PBXFileReference; lastKnownFileType = sourcecode.swift; path = "HashTag+CoreDataClass.swift"; sourceTree = "<group>"; };
		260FB9BC2221656F008B0291 /* HashTag+CoreDataProperties.swift */ = {isa = PBXFileReference; lastKnownFileType = sourcecode.swift; path = "HashTag+CoreDataProperties.swift"; sourceTree = "<group>"; };
		260FB9BD2221656F008B0291 /* Media+CoreDataClass.swift */ = {isa = PBXFileReference; lastKnownFileType = sourcecode.swift; path = "Media+CoreDataClass.swift"; sourceTree = "<group>"; };
		260FB9BE2221656F008B0291 /* Media+CoreDataProperties.swift */ = {isa = PBXFileReference; lastKnownFileType = sourcecode.swift; path = "Media+CoreDataProperties.swift"; sourceTree = "<group>"; };
		260FB9BF2221656F008B0291 /* BookmarkArticles+CoreDataClass.swift */ = {isa = PBXFileReference; lastKnownFileType = sourcecode.swift; path = "BookmarkArticles+CoreDataClass.swift"; sourceTree = "<group>"; };
		260FB9C02221656F008B0291 /* BookmarkArticles+CoreDataProperties.swift */ = {isa = PBXFileReference; lastKnownFileType = sourcecode.swift; path = "BookmarkArticles+CoreDataProperties.swift"; sourceTree = "<group>"; };
		260FB9C12221656F008B0291 /* LikeDislike+CoreDataClass.swift */ = {isa = PBXFileReference; lastKnownFileType = sourcecode.swift; path = "LikeDislike+CoreDataClass.swift"; sourceTree = "<group>"; };
		260FB9C22221656F008B0291 /* LikeDislike+CoreDataProperties.swift */ = {isa = PBXFileReference; lastKnownFileType = sourcecode.swift; path = "LikeDislike+CoreDataProperties.swift"; sourceTree = "<group>"; };
		260FB9C32221656F008B0291 /* SearchArticles+CoreDataClass.swift */ = {isa = PBXFileReference; lastKnownFileType = sourcecode.swift; path = "SearchArticles+CoreDataClass.swift"; sourceTree = "<group>"; };
		260FB9C42221656F008B0291 /* SearchArticles+CoreDataProperties.swift */ = {isa = PBXFileReference; lastKnownFileType = sourcecode.swift; path = "SearchArticles+CoreDataProperties.swift"; sourceTree = "<group>"; };
		260FB9C52221656F008B0291 /* NewsArticle+CoreDataClass.swift */ = {isa = PBXFileReference; lastKnownFileType = sourcecode.swift; path = "NewsArticle+CoreDataClass.swift"; sourceTree = "<group>"; };
		260FB9C62221656F008B0291 /* NewsArticle+CoreDataProperties.swift */ = {isa = PBXFileReference; lastKnownFileType = sourcecode.swift; path = "NewsArticle+CoreDataProperties.swift"; sourceTree = "<group>"; };
		260FB9C72221656F008B0291 /* Category+CoreDataClass.swift */ = {isa = PBXFileReference; lastKnownFileType = sourcecode.swift; path = "Category+CoreDataClass.swift"; sourceTree = "<group>"; };
		260FB9C82221656F008B0291 /* Category+CoreDataProperties.swift */ = {isa = PBXFileReference; lastKnownFileType = sourcecode.swift; path = "Category+CoreDataProperties.swift"; sourceTree = "<group>"; };
		260FB9C92221656F008B0291 /* NewsURL+CoreDataClass.swift */ = {isa = PBXFileReference; lastKnownFileType = sourcecode.swift; path = "NewsURL+CoreDataClass.swift"; sourceTree = "<group>"; };
		260FB9CA2221656F008B0291 /* NewsURL+CoreDataProperties.swift */ = {isa = PBXFileReference; lastKnownFileType = sourcecode.swift; path = "NewsURL+CoreDataProperties.swift"; sourceTree = "<group>"; };
		261AA130217F40D20044585C /* APIManager.swift */ = {isa = PBXFileReference; lastKnownFileType = sourcecode.swift; path = APIManager.swift; sourceTree = "<group>"; };
		261AA132217F40F20044585C /* DataManager.swift */ = {isa = PBXFileReference; lastKnownFileType = sourcecode.swift; path = DataManager.swift; sourceTree = "<group>"; };
		263421EE216230F900C8510F /* SignUpVC.swift */ = {isa = PBXFileReference; lastKnownFileType = sourcecode.swift; path = SignUpVC.swift; sourceTree = "<group>"; };
		263421F02162310D00C8510F /* LoginVC.swift */ = {isa = PBXFileReference; lastKnownFileType = sourcecode.swift; path = LoginVC.swift; sourceTree = "<group>"; };
		263421F221624AD200C8510F /* SettingsTVC.swift */ = {isa = PBXFileReference; lastKnownFileType = sourcecode.swift; lineEnding = 0; path = SettingsTVC.swift; sourceTree = "<group>"; };
		263589F621AEBE1800C9A444 /* APITests.swift */ = {isa = PBXFileReference; lastKnownFileType = sourcecode.swift; path = APITests.swift; sourceTree = "<group>"; };
		263589F821AEC00B00C9A444 /* HomeVCTest.swift */ = {isa = PBXFileReference; lastKnownFileType = sourcecode.swift; path = HomeVCTest.swift; sourceTree = "<group>"; };
		263F2D8E216B2DEE00764C45 /* DataModel.swift */ = {isa = PBXFileReference; lastKnownFileType = sourcecode.swift; path = DataModel.swift; sourceTree = "<group>"; };
		263F2D9B216B7FC700764C45 /* ProfileVC.swift */ = {isa = PBXFileReference; lastKnownFileType = sourcecode.swift; path = ProfileVC.swift; sourceTree = "<group>"; };
		2648C69421C915F300CCB657 /* SocialLoginTests.swift */ = {isa = PBXFileReference; lastKnownFileType = sourcecode.swift; path = SocialLoginTests.swift; sourceTree = "<group>"; };
		2648C69621C917D500CCB657 /* FunctionalityTests.swift */ = {isa = PBXFileReference; lastKnownFileType = sourcecode.swift; path = FunctionalityTests.swift; sourceTree = "<group>"; };
		264C5395219AAAD60050F79D /* Toast.swift */ = {isa = PBXFileReference; fileEncoding = 4; lastKnownFileType = sourcecode.swift; path = Toast.swift; sourceTree = "<group>"; };
		264E304A2229151E00F73147 /* submenuCVCell.swift */ = {isa = PBXFileReference; lastKnownFileType = sourcecode.swift; path = submenuCVCell.swift; sourceTree = "<group>"; };
		2652532921EF5C950061F8E0 /* NewsApp.entitlements */ = {isa = PBXFileReference; lastKnownFileType = text.plist.entitlements; path = NewsApp.entitlements; sourceTree = "<group>"; };
		265E218521649ACE0053E5A0 /* SettingsVC.swift */ = {isa = PBXFileReference; lastKnownFileType = sourcecode.swift; path = SettingsVC.swift; sourceTree = "<group>"; };
		2663DE26224A416A005DCFB5 /* SourceVC.swift */ = {isa = PBXFileReference; lastKnownFileType = sourcecode.swift; path = SourceVC.swift; sourceTree = "<group>"; };
		2663DE28224B4131005DCFB5 /* sourceTVCell.swift */ = {isa = PBXFileReference; lastKnownFileType = sourcecode.swift; path = sourceTVCell.swift; sourceTree = "<group>"; };
		2663DE2A224B9A3B005DCFB5 /* ShuffleDetailVC.swift */ = {isa = PBXFileReference; lastKnownFileType = sourcecode.swift; path = ShuffleDetailVC.swift; sourceTree = "<group>"; };
		266C6B2F2158C2B6009A0A9D /* SearchResultTVCell.swift */ = {isa = PBXFileReference; lastKnownFileType = sourcecode.swift; path = SearchResultTVCell.swift; sourceTree = "<group>"; };
		26718D0E21CD0117009CC66E /* HomeUITest.swift */ = {isa = PBXFileReference; lastKnownFileType = sourcecode.swift; path = HomeUITest.swift; sourceTree = "<group>"; };
		26718D1021CD01A0009CC66E /* SignUpUITest.swift */ = {isa = PBXFileReference; lastKnownFileType = sourcecode.swift; path = SignUpUITest.swift; sourceTree = "<group>"; };
		2685744721CCBE9400009252 /* LoginUITest.swift */ = {isa = PBXFileReference; lastKnownFileType = sourcecode.swift; path = LoginUITest.swift; sourceTree = "<group>"; };
		2685CF06216DDEB300C2CECF /* HelveticaNeueItalic.ttf */ = {isa = PBXFileReference; lastKnownFileType = file; path = HelveticaNeueItalic.ttf; sourceTree = "<group>"; };
		2685CF07216DDEB300C2CECF /* HelveticaNeueLightItalic.ttf */ = {isa = PBXFileReference; lastKnownFileType = file; path = HelveticaNeueLightItalic.ttf; sourceTree = "<group>"; };
		2685CF08216DDEB300C2CECF /* HelveticaNeueLight.ttf */ = {isa = PBXFileReference; lastKnownFileType = file; path = HelveticaNeueLight.ttf; sourceTree = "<group>"; };
		2685CF09216DDEB300C2CECF /* HelveticaNeueUltraLight.ttf */ = {isa = PBXFileReference; lastKnownFileType = file; path = HelveticaNeueUltraLight.ttf; sourceTree = "<group>"; };
		2685CF0A216DDEB300C2CECF /* HelveticaNeueBold.ttf */ = {isa = PBXFileReference; lastKnownFileType = file; path = HelveticaNeueBold.ttf; sourceTree = "<group>"; };
		2685CF0B216DDEB300C2CECF /* HelveticaNeueCondensedBlack.ttf */ = {isa = PBXFileReference; lastKnownFileType = file; path = HelveticaNeueCondensedBlack.ttf; sourceTree = "<group>"; };
		2685CF0C216DDEB300C2CECF /* HelveticaNeueUltraLightItal.ttf */ = {isa = PBXFileReference; lastKnownFileType = file; path = HelveticaNeueUltraLightItal.ttf; sourceTree = "<group>"; };
		2685CF0D216DDEB300C2CECF /* HelveticaNeueCondensedBold.ttf */ = {isa = PBXFileReference; lastKnownFileType = file; path = HelveticaNeueCondensedBold.ttf; sourceTree = "<group>"; };
		2685CF0E216DDEB300C2CECF /* HelveticaNeueBoldItalic.ttf */ = {isa = PBXFileReference; lastKnownFileType = file; path = HelveticaNeueBoldItalic.ttf; sourceTree = "<group>"; };
		268C112221E4C0F200C76B9C /* BookmarkVC.swift */ = {isa = PBXFileReference; lastKnownFileType = sourcecode.swift; path = BookmarkVC.swift; sourceTree = "<group>"; };
		268C112421E4C36E00C76B9C /* BookmarkTVCell.swift */ = {isa = PBXFileReference; lastKnownFileType = sourcecode.swift; path = BookmarkTVCell.swift; sourceTree = "<group>"; };
		2690F3CB21BF8C12003E65CA /* SettingsTVCell.swift */ = {isa = PBXFileReference; lastKnownFileType = sourcecode.swift; path = SettingsTVCell.swift; sourceTree = "<group>"; };
		269A53D522016D6B0031DD78 /* BookmarkDetailVC.swift */ = {isa = PBXFileReference; lastKnownFileType = sourcecode.swift; path = BookmarkDetailVC.swift; sourceTree = "<group>"; };
		26ACEA93216733BA000EF3C7 /* CategoryListVC.swift */ = {isa = PBXFileReference; lastKnownFileType = sourcecode.swift; path = CategoryListVC.swift; sourceTree = "<group>"; };
		26ACEA95216738BB000EF3C7 /* CategoryListTVCell.swift */ = {isa = PBXFileReference; lastKnownFileType = sourcecode.swift; path = CategoryListTVCell.swift; sourceTree = "<group>"; };
		26BEF800222E77700002DEBD /* MenuHashTag+CoreDataClass.swift */ = {isa = PBXFileReference; lastKnownFileType = sourcecode.swift; path = "MenuHashTag+CoreDataClass.swift"; sourceTree = "<group>"; };
		26BEF801222E77700002DEBD /* MenuHashTag+CoreDataProperties.swift */ = {isa = PBXFileReference; lastKnownFileType = sourcecode.swift; path = "MenuHashTag+CoreDataProperties.swift"; sourceTree = "<group>"; };
		26BEF804222E77700002DEBD /* MenuHeadings+CoreDataClass.swift */ = {isa = PBXFileReference; lastKnownFileType = sourcecode.swift; path = "MenuHeadings+CoreDataClass.swift"; sourceTree = "<group>"; };
		26BEF805222E77700002DEBD /* MenuHeadings+CoreDataProperties.swift */ = {isa = PBXFileReference; lastKnownFileType = sourcecode.swift; path = "MenuHeadings+CoreDataProperties.swift"; sourceTree = "<group>"; };
		26BEF80C222E7C9F0002DEBD /* HeadingSubMenu+CoreDataClass.swift */ = {isa = PBXFileReference; lastKnownFileType = sourcecode.swift; path = "HeadingSubMenu+CoreDataClass.swift"; sourceTree = "<group>"; };
		26BEF80D222E7C9F0002DEBD /* HeadingSubMenu+CoreDataProperties.swift */ = {isa = PBXFileReference; lastKnownFileType = sourcecode.swift; path = "HeadingSubMenu+CoreDataProperties.swift"; sourceTree = "<group>"; };
		26C24720219D95CF00A87A3B /* GmailCredentials.plist */ = {isa = PBXFileReference; fileEncoding = 4; lastKnownFileType = text.plist.xml; path = GmailCredentials.plist; sourceTree = "<group>"; };
		26C24722219DA6C200A87A3B /* ForgotPasswordVC.swift */ = {isa = PBXFileReference; lastKnownFileType = sourcecode.swift; path = ForgotPasswordVC.swift; sourceTree = "<group>"; };
		26D3C90921CBAC9C003F7331 /* AVPlayerView.swift */ = {isa = PBXFileReference; lastKnownFileType = sourcecode.swift; path = AVPlayerView.swift; sourceTree = "<group>"; };
		26DE84982223BFF4000A32F7 /* Main.storyboard */ = {isa = PBXFileReference; fileEncoding = 4; lastKnownFileType = file.storyboard; path = Main.storyboard; sourceTree = "<group>"; };
		26DE849A2223CC1C000A32F7 /* PeriodicTags+CoreDataClass.swift */ = {isa = PBXFileReference; lastKnownFileType = sourcecode.swift; path = "PeriodicTags+CoreDataClass.swift"; sourceTree = "<group>"; };
		26DE849B2223CC1C000A32F7 /* PeriodicTags+CoreDataProperties.swift */ = {isa = PBXFileReference; lastKnownFileType = sourcecode.swift; path = "PeriodicTags+CoreDataProperties.swift"; sourceTree = "<group>"; };
		26F9A0FA2209B4EC008694BC /* Reachability.swift */ = {isa = PBXFileReference; lastKnownFileType = sourcecode.swift; path = Reachability.swift; sourceTree = "<group>"; };
		2F9C18092C8836EA83BB9B53 /* Pods-NewsAppTests.release.xcconfig */ = {isa = PBXFileReference; includeInIndex = 1; lastKnownFileType = text.xcconfig; name = "Pods-NewsAppTests.release.xcconfig"; path = "Pods/Target Support Files/Pods-NewsAppTests/Pods-NewsAppTests.release.xcconfig"; sourceTree = "<group>"; };
		421ADFB52156407400C00F6F /* NewsApp.app */ = {isa = PBXFileReference; explicitFileType = wrapper.application; includeInIndex = 0; path = NewsApp.app; sourceTree = BUILT_PRODUCTS_DIR; };
		421ADFB82156407400C00F6F /* AppDelegate.swift */ = {isa = PBXFileReference; lastKnownFileType = sourcecode.swift; path = AppDelegate.swift; sourceTree = "<group>"; };
		421ADFBA2156407400C00F6F /* HomeVC.swift */ = {isa = PBXFileReference; lastKnownFileType = sourcecode.swift; path = HomeVC.swift; sourceTree = "<group>"; };
		421ADFC02156407400C00F6F /* NewsApp.xcdatamodel */ = {isa = PBXFileReference; lastKnownFileType = wrapper.xcdatamodel; path = NewsApp.xcdatamodel; sourceTree = "<group>"; };
		421ADFC22156407600C00F6F /* Assets.xcassets */ = {isa = PBXFileReference; lastKnownFileType = folder.assetcatalog; path = Assets.xcassets; sourceTree = "<group>"; };
		421ADFC52156407600C00F6F /* Base */ = {isa = PBXFileReference; lastKnownFileType = file.storyboard; name = Base; path = Base.lproj/LaunchScreen.storyboard; sourceTree = "<group>"; };
		421ADFC72156407600C00F6F /* Info.plist */ = {isa = PBXFileReference; lastKnownFileType = text.plist.xml; path = Info.plist; sourceTree = "<group>"; };
		421ADFCC2156407600C00F6F /* NewsAppTests.xctest */ = {isa = PBXFileReference; explicitFileType = wrapper.cfbundle; includeInIndex = 0; path = NewsAppTests.xctest; sourceTree = BUILT_PRODUCTS_DIR; };
		421ADFD02156407600C00F6F /* NewsAppTests.swift */ = {isa = PBXFileReference; lastKnownFileType = sourcecode.swift; path = NewsAppTests.swift; sourceTree = "<group>"; };
		421ADFD22156407600C00F6F /* Info.plist */ = {isa = PBXFileReference; lastKnownFileType = text.plist.xml; path = Info.plist; sourceTree = "<group>"; };
		421ADFD72156407600C00F6F /* NewsAppUITests.xctest */ = {isa = PBXFileReference; explicitFileType = wrapper.cfbundle; includeInIndex = 0; path = NewsAppUITests.xctest; sourceTree = BUILT_PRODUCTS_DIR; };
		421ADFDB2156407700C00F6F /* NewsAppUITests.swift */ = {isa = PBXFileReference; lastKnownFileType = sourcecode.swift; path = NewsAppUITests.swift; sourceTree = "<group>"; };
		421ADFDD2156407700C00F6F /* Info.plist */ = {isa = PBXFileReference; lastKnownFileType = text.plist.xml; path = Info.plist; sourceTree = "<group>"; };
		421ADFED2156575300C00F6F /* HomeNewsTVCell.swift */ = {isa = PBXFileReference; lastKnownFileType = sourcecode.swift; name = HomeNewsTVCell.swift; path = NewsApp/Cell/HomeNewsTVCell.swift; sourceTree = SOURCE_ROOT; };
		421ADFEF21566FE000C00F6F /* NewsDetailVC.swift */ = {isa = PBXFileReference; lastKnownFileType = sourcecode.swift; name = NewsDetailVC.swift; path = NewsApp/Controller/NewsDetailVC.swift; sourceTree = SOURCE_ROOT; };
		421ADFF12156755100C00F6F /* SuggestedNewsCVCell.swift */ = {isa = PBXFileReference; lastKnownFileType = sourcecode.swift; path = SuggestedNewsCVCell.swift; sourceTree = "<group>"; };
		422B5C52222118A400091429 /* MenuTVCell.swift */ = {isa = PBXFileReference; lastKnownFileType = sourcecode.swift; path = MenuTVCell.swift; sourceTree = "<group>"; };
		422E5C76222506D700D27E23 /* navmenu.json */ = {isa = PBXFileReference; fileEncoding = 4; lastKnownFileType = text.json; path = navmenu.json; sourceTree = "<group>"; };
		423F0A4F2170CF18001D52B5 /* ChangePasswordVC.swift */ = {isa = PBXFileReference; lastKnownFileType = sourcecode.swift; path = ChangePasswordVC.swift; sourceTree = "<group>"; };
		4265E20721B8E9F800C3F0D7 /* NotificationsName+Extensions.swift */ = {isa = PBXFileReference; lastKnownFileType = sourcecode.swift; path = "NotificationsName+Extensions.swift"; sourceTree = "<group>"; };
		4266D16221EEF4DA00CBD61A /* AboutUsVC.swift */ = {isa = PBXFileReference; lastKnownFileType = sourcecode.swift; path = AboutUsVC.swift; sourceTree = "<group>"; };
		427B430A2180840E00F00269 /* Helper.swift */ = {isa = PBXFileReference; lastKnownFileType = sourcecode.swift; path = Helper.swift; sourceTree = "<group>"; };
		42A1A806224DEB4F00727882 /* PageControlVC.swift */ = {isa = PBXFileReference; lastKnownFileType = sourcecode.swift; path = PageControlVC.swift; sourceTree = "<group>"; };
		42D12BF1215A0AEB0085EF12 /* SearchVC.swift */ = {isa = PBXFileReference; lastKnownFileType = sourcecode.swift; path = SearchVC.swift; sourceTree = "<group>"; };
		42D12BF3215A0FA60085EF12 /* common.swift */ = {isa = PBXFileReference; lastKnownFileType = sourcecode.swift; path = common.swift; sourceTree = "<group>"; };
		42D12BF5215A21E10085EF12 /* credentials.plist */ = {isa = PBXFileReference; fileEncoding = 4; lastKnownFileType = text.plist.xml; path = credentials.plist; sourceTree = "<group>"; };
		53DC2E5EA9235D86628350C7 /* Pods_NewsAppUITests.framework */ = {isa = PBXFileReference; explicitFileType = wrapper.framework; includeInIndex = 0; path = Pods_NewsAppUITests.framework; sourceTree = BUILT_PRODUCTS_DIR; };
		7E1D1398216CC79000FE342A /* HomeParentVC.swift */ = {isa = PBXFileReference; lastKnownFileType = sourcecode.swift; path = HomeParentVC.swift; sourceTree = "<group>"; };
		7E1D139C216CCD9000FE342A /* news.json */ = {isa = PBXFileReference; fileEncoding = 4; lastKnownFileType = text.json; path = news.json; sourceTree = "<group>"; };
		846165677E48DD9D789C421B /* Pods-NewsAppUITests.release.xcconfig */ = {isa = PBXFileReference; includeInIndex = 1; lastKnownFileType = text.xcconfig; name = "Pods-NewsAppUITests.release.xcconfig"; path = "Pods/Target Support Files/Pods-NewsAppUITests/Pods-NewsAppUITests.release.xcconfig"; sourceTree = "<group>"; };
		A493D5CB52F8D7FC07A5E4B9 /* Pods-NewsAppUITests.debug.xcconfig */ = {isa = PBXFileReference; includeInIndex = 1; lastKnownFileType = text.xcconfig; name = "Pods-NewsAppUITests.debug.xcconfig"; path = "Pods/Target Support Files/Pods-NewsAppUITests/Pods-NewsAppUITests.debug.xcconfig"; sourceTree = "<group>"; };
		AC4F290FDD6066B8786D069C /* Pods_NewsAppTests.framework */ = {isa = PBXFileReference; explicitFileType = wrapper.framework; includeInIndex = 0; path = Pods_NewsAppTests.framework; sourceTree = BUILT_PRODUCTS_DIR; };
		B4E2A515011B7DEE6BB2C6C0 /* Pods-NewsApp.release.xcconfig */ = {isa = PBXFileReference; includeInIndex = 1; lastKnownFileType = text.xcconfig; name = "Pods-NewsApp.release.xcconfig"; path = "Pods/Target Support Files/Pods-NewsApp/Pods-NewsApp.release.xcconfig"; sourceTree = "<group>"; };
		D2728CD09D4106E0B1B64696 /* Pods-NewsApp.debug.xcconfig */ = {isa = PBXFileReference; includeInIndex = 1; lastKnownFileType = text.xcconfig; name = "Pods-NewsApp.debug.xcconfig"; path = "Pods/Target Support Files/Pods-NewsApp/Pods-NewsApp.debug.xcconfig"; sourceTree = "<group>"; };
/* End PBXFileReference section */

/* Begin PBXFrameworksBuildPhase section */
		421ADFB22156407400C00F6F /* Frameworks */ = {
			isa = PBXFrameworksBuildPhase;
			buildActionMask = 2147483647;
			files = (
				B670EE611F915B190EA22ECD /* Pods_NewsApp.framework in Frameworks */,
			);
			runOnlyForDeploymentPostprocessing = 0;
		};
		421ADFC92156407600C00F6F /* Frameworks */ = {
			isa = PBXFrameworksBuildPhase;
			buildActionMask = 2147483647;
			files = (
				67A622712858FBEA0AC34B88 /* Pods_NewsAppTests.framework in Frameworks */,
			);
			runOnlyForDeploymentPostprocessing = 0;
		};
		421ADFD42156407600C00F6F /* Frameworks */ = {
			isa = PBXFrameworksBuildPhase;
			buildActionMask = 2147483647;
			files = (
				40DAD2A94E0870B8278E705F /* Pods_NewsAppUITests.framework in Frameworks */,
			);
			runOnlyForDeploymentPostprocessing = 0;
		};
/* End PBXFrameworksBuildPhase section */

/* Begin PBXGroup section */
		1DA7B5BD6CB1386417011532 /* Frameworks */ = {
			isa = PBXGroup;
			children = (
				42D12BF5215A21E10085EF12 /* credentials.plist */,
				20D6E38B73AE2ADA8716870E /* Pods_NewsApp.framework */,
				AC4F290FDD6066B8786D069C /* Pods_NewsAppTests.framework */,
				53DC2E5EA9235D86628350C7 /* Pods_NewsAppUITests.framework */,
			);
			name = Frameworks;
			sourceTree = "<group>";
		};
		260FB9DB222168D5008B0291 /* CoreData */ = {
			isa = PBXGroup;
			children = (
				26BEF80C222E7C9F0002DEBD /* HeadingSubMenu+CoreDataClass.swift */,
				26BEF80D222E7C9F0002DEBD /* HeadingSubMenu+CoreDataProperties.swift */,
				26BEF800222E77700002DEBD /* MenuHashTag+CoreDataClass.swift */,
				26BEF801222E77700002DEBD /* MenuHashTag+CoreDataProperties.swift */,
				26BEF804222E77700002DEBD /* MenuHeadings+CoreDataClass.swift */,
				26BEF805222E77700002DEBD /* MenuHeadings+CoreDataProperties.swift */,
				26DE849A2223CC1C000A32F7 /* PeriodicTags+CoreDataClass.swift */,
				26DE849B2223CC1C000A32F7 /* PeriodicTags+CoreDataProperties.swift */,
				260FB9BB2221656F008B0291 /* HashTag+CoreDataClass.swift */,
				260FB9BC2221656F008B0291 /* HashTag+CoreDataProperties.swift */,
				260FB9BD2221656F008B0291 /* Media+CoreDataClass.swift */,
				260FB9BE2221656F008B0291 /* Media+CoreDataProperties.swift */,
				260FB9BF2221656F008B0291 /* BookmarkArticles+CoreDataClass.swift */,
				260FB9C02221656F008B0291 /* BookmarkArticles+CoreDataProperties.swift */,
				260FB9C12221656F008B0291 /* LikeDislike+CoreDataClass.swift */,
				260FB9C22221656F008B0291 /* LikeDislike+CoreDataProperties.swift */,
				260FB9C32221656F008B0291 /* SearchArticles+CoreDataClass.swift */,
				260FB9C42221656F008B0291 /* SearchArticles+CoreDataProperties.swift */,
				260FB9C52221656F008B0291 /* NewsArticle+CoreDataClass.swift */,
				260FB9C62221656F008B0291 /* NewsArticle+CoreDataProperties.swift */,
				260FB9C72221656F008B0291 /* Category+CoreDataClass.swift */,
				260FB9C82221656F008B0291 /* Category+CoreDataProperties.swift */,
				260FB9C92221656F008B0291 /* NewsURL+CoreDataClass.swift */,
				260FB9CA2221656F008B0291 /* NewsURL+CoreDataProperties.swift */,
			);
			path = CoreData;
			sourceTree = "<group>";
		};
		263F2D9A216B737800764C45 /* Font */ = {
			isa = PBXGroup;
			children = (
				2685CF05216DDEB300C2CECF /* helvetica-neue-cufonfonts */,
			);
			path = Font;
			sourceTree = "<group>";
		};
		2685CF05216DDEB300C2CECF /* helvetica-neue-cufonfonts */ = {
			isa = PBXGroup;
			children = (
				2685CF06216DDEB300C2CECF /* HelveticaNeueItalic.ttf */,
				2685CF07216DDEB300C2CECF /* HelveticaNeueLightItalic.ttf */,
				2685CF08216DDEB300C2CECF /* HelveticaNeueLight.ttf */,
				2685CF09216DDEB300C2CECF /* HelveticaNeueUltraLight.ttf */,
				2685CF0A216DDEB300C2CECF /* HelveticaNeueBold.ttf */,
				2685CF0B216DDEB300C2CECF /* HelveticaNeueCondensedBlack.ttf */,
				2685CF0C216DDEB300C2CECF /* HelveticaNeueUltraLightItal.ttf */,
				2685CF0D216DDEB300C2CECF /* HelveticaNeueCondensedBold.ttf */,
				2685CF0E216DDEB300C2CECF /* HelveticaNeueBoldItalic.ttf */,
			);
			path = "helvetica-neue-cufonfonts";
			sourceTree = "<group>";
		};
		421ADFAC2156407400C00F6F = {
			isa = PBXGroup;
			children = (
				421ADFB72156407400C00F6F /* NewsApp */,
				421ADFCF2156407600C00F6F /* NewsAppTests */,
				421ADFDA2156407600C00F6F /* NewsAppUITests */,
				421ADFB62156407400C00F6F /* Products */,
				751AA94FE954FC04A000ABB5 /* Pods */,
				1DA7B5BD6CB1386417011532 /* Frameworks */,
			);
			sourceTree = "<group>";
		};
		421ADFB62156407400C00F6F /* Products */ = {
			isa = PBXGroup;
			children = (
				421ADFB52156407400C00F6F /* NewsApp.app */,
				421ADFCC2156407600C00F6F /* NewsAppTests.xctest */,
				421ADFD72156407600C00F6F /* NewsAppUITests.xctest */,
			);
			name = Products;
			sourceTree = "<group>";
		};
		421ADFB72156407400C00F6F /* NewsApp */ = {
			isa = PBXGroup;
			children = (
				2652532921EF5C950061F8E0 /* NewsApp.entitlements */,
				263F2D9A216B737800764C45 /* Font */,
				421ADFB82156407400C00F6F /* AppDelegate.swift */,
				421ADFEB2156553500C00F6F /* Cell */,
				421ADFEA2156553500C00F6F /* Controller */,
				421ADFEC2156553500C00F6F /* Model */,
				421ADFE92156553500C00F6F /* View */,
				421ADFC22156407600C00F6F /* Assets.xcassets */,
				421ADFC42156407600C00F6F /* LaunchScreen.storyboard */,
				421ADFC72156407600C00F6F /* Info.plist */,
				421ADFBF2156407400C00F6F /* NewsApp.xcdatamodeld */,
			);
			path = NewsApp;
			sourceTree = "<group>";
		};
		421ADFCF2156407600C00F6F /* NewsAppTests */ = {
			isa = PBXGroup;
			children = (
				421ADFD02156407600C00F6F /* NewsAppTests.swift */,
				263589F621AEBE1800C9A444 /* APITests.swift */,
				2648C69421C915F300CCB657 /* SocialLoginTests.swift */,
				421ADFD22156407600C00F6F /* Info.plist */,
				263589F821AEC00B00C9A444 /* HomeVCTest.swift */,
				2648C69621C917D500CCB657 /* FunctionalityTests.swift */,
			);
			path = NewsAppTests;
			sourceTree = "<group>";
		};
		421ADFDA2156407600C00F6F /* NewsAppUITests */ = {
			isa = PBXGroup;
			children = (
				421ADFDB2156407700C00F6F /* NewsAppUITests.swift */,
				2685744721CCBE9400009252 /* LoginUITest.swift */,
				421ADFDD2156407700C00F6F /* Info.plist */,
				26718D0E21CD0117009CC66E /* HomeUITest.swift */,
				26718D1021CD01A0009CC66E /* SignUpUITest.swift */,
			);
			path = NewsAppUITests;
			sourceTree = "<group>";
		};
		421ADFE92156553500C00F6F /* View */ = {
			isa = PBXGroup;
			children = (
				26DE84982223BFF4000A32F7 /* Main.storyboard */,
			);
			path = View;
			sourceTree = "<group>";
		};
		421ADFEA2156553500C00F6F /* Controller */ = {
			isa = PBXGroup;
			children = (
				42A1A806224DEB4F00727882 /* PageControlVC.swift */,
				2663DE2A224B9A3B005DCFB5 /* ShuffleDetailVC.swift */,
				2663DE26224A416A005DCFB5 /* SourceVC.swift */,
				269A53D522016D6B0031DD78 /* BookmarkDetailVC.swift */,
				4266D16221EEF4DA00CBD61A /* AboutUsVC.swift */,
				268C112221E4C0F200C76B9C /* BookmarkVC.swift */,
				26C24722219DA6C200A87A3B /* ForgotPasswordVC.swift */,
				423F0A4F2170CF18001D52B5 /* ChangePasswordVC.swift */,
				263F2D9B216B7FC700764C45 /* ProfileVC.swift */,
				26ACEA93216733BA000EF3C7 /* CategoryListVC.swift */,
				263421F221624AD200C8510F /* SettingsTVC.swift */,
				263421EE216230F900C8510F /* SignUpVC.swift */,
				263421F02162310D00C8510F /* LoginVC.swift */,
				7E1D1398216CC79000FE342A /* HomeParentVC.swift */,
				265E218521649ACE0053E5A0 /* SettingsVC.swift */,
				421ADFBA2156407400C00F6F /* HomeVC.swift */,
				421ADFEF21566FE000C00F6F /* NewsDetailVC.swift */,
				42D12BF1215A0AEB0085EF12 /* SearchVC.swift */,
			);
			path = Controller;
			sourceTree = "<group>";
		};
		421ADFEB2156553500C00F6F /* Cell */ = {
			isa = PBXGroup;
			children = (
				2663DE28224B4131005DCFB5 /* sourceTVCell.swift */,
				264E304A2229151E00F73147 /* submenuCVCell.swift */,
				422B5C52222118A400091429 /* MenuTVCell.swift */,
				268C112421E4C36E00C76B9C /* BookmarkTVCell.swift */,
				2690F3CB21BF8C12003E65CA /* SettingsTVCell.swift */,
				26ACEA95216738BB000EF3C7 /* CategoryListTVCell.swift */,
				266C6B2F2158C2B6009A0A9D /* SearchResultTVCell.swift */,
				421ADFF12156755100C00F6F /* SuggestedNewsCVCell.swift */,
				421ADFED2156575300C00F6F /* HomeNewsTVCell.swift */,
			);
			path = Cell;
			sourceTree = "<group>";
		};
		421ADFEC2156553500C00F6F /* Model */ = {
			isa = PBXGroup;
			children = (
				422E5C76222506D700D27E23 /* navmenu.json */,
				260FB9DB222168D5008B0291 /* CoreData */,
				26D3C90921CBAC9C003F7331 /* AVPlayerView.swift */,
				4265E20721B8E9F800C3F0D7 /* NotificationsName+Extensions.swift */,
				26C24720219D95CF00A87A3B /* GmailCredentials.plist */,
				261AA130217F40D20044585C /* APIManager.swift */,
				264C5395219AAAD60050F79D /* Toast.swift */,
				261AA132217F40F20044585C /* DataManager.swift */,
				263F2D8E216B2DEE00764C45 /* DataModel.swift */,
				7E1D139C216CCD9000FE342A /* news.json */,
				42D12BF3215A0FA60085EF12 /* common.swift */,
				427B430A2180840E00F00269 /* Helper.swift */,
				26F9A0FA2209B4EC008694BC /* Reachability.swift */,
			);
			path = Model;
			sourceTree = "<group>";
		};
		751AA94FE954FC04A000ABB5 /* Pods */ = {
			isa = PBXGroup;
			children = (
				D2728CD09D4106E0B1B64696 /* Pods-NewsApp.debug.xcconfig */,
				B4E2A515011B7DEE6BB2C6C0 /* Pods-NewsApp.release.xcconfig */,
				25A121A35B86B7FFE6946B9D /* Pods-NewsAppTests.debug.xcconfig */,
				2F9C18092C8836EA83BB9B53 /* Pods-NewsAppTests.release.xcconfig */,
				A493D5CB52F8D7FC07A5E4B9 /* Pods-NewsAppUITests.debug.xcconfig */,
				846165677E48DD9D789C421B /* Pods-NewsAppUITests.release.xcconfig */,
			);
			name = Pods;
			sourceTree = "<group>";
		};
/* End PBXGroup section */

/* Begin PBXNativeTarget section */
		421ADFB42156407400C00F6F /* NewsApp */ = {
			isa = PBXNativeTarget;
			buildConfigurationList = 421ADFE02156407700C00F6F /* Build configuration list for PBXNativeTarget "NewsApp" */;
			buildPhases = (
				F28C250E8291BE55F05D1B14 /* [CP] Check Pods Manifest.lock */,
				421ADFB12156407400C00F6F /* Sources */,
				421ADFB22156407400C00F6F /* Frameworks */,
				421ADFB32156407400C00F6F /* Resources */,
				E625024055F7036CE7E77A23 /* [CP] Embed Pods Frameworks */,
				13535408023F39BB35B8B79C /* [CP] Copy Pods Resources */,
				26080AD9221ACB06004B58E6 /* ShellScript */,
			);
			buildRules = (
			);
			dependencies = (
			);
			name = NewsApp;
			productName = NewsApp;
			productReference = 421ADFB52156407400C00F6F /* NewsApp.app */;
			productType = "com.apple.product-type.application";
		};
		421ADFCB2156407600C00F6F /* NewsAppTests */ = {
			isa = PBXNativeTarget;
			buildConfigurationList = 421ADFE32156407700C00F6F /* Build configuration list for PBXNativeTarget "NewsAppTests" */;
			buildPhases = (
				89C714FBBEF706F3D69122F9 /* [CP] Check Pods Manifest.lock */,
				421ADFC82156407600C00F6F /* Sources */,
				421ADFC92156407600C00F6F /* Frameworks */,
				421ADFCA2156407600C00F6F /* Resources */,
			);
			buildRules = (
			);
			dependencies = (
				421ADFCE2156407600C00F6F /* PBXTargetDependency */,
			);
			name = NewsAppTests;
			productName = NewsAppTests;
			productReference = 421ADFCC2156407600C00F6F /* NewsAppTests.xctest */;
			productType = "com.apple.product-type.bundle.unit-test";
		};
		421ADFD62156407600C00F6F /* NewsAppUITests */ = {
			isa = PBXNativeTarget;
			buildConfigurationList = 421ADFE62156407700C00F6F /* Build configuration list for PBXNativeTarget "NewsAppUITests" */;
			buildPhases = (
				2A61B467375C987B24EE6A90 /* [CP] Check Pods Manifest.lock */,
				421ADFD32156407600C00F6F /* Sources */,
				421ADFD42156407600C00F6F /* Frameworks */,
				421ADFD52156407600C00F6F /* Resources */,
			);
			buildRules = (
			);
			dependencies = (
				421ADFD92156407600C00F6F /* PBXTargetDependency */,
			);
			name = NewsAppUITests;
			productName = NewsAppUITests;
			productReference = 421ADFD72156407600C00F6F /* NewsAppUITests.xctest */;
			productType = "com.apple.product-type.bundle.ui-testing";
		};
/* End PBXNativeTarget section */

/* Begin PBXProject section */
		421ADFAD2156407400C00F6F /* Project object */ = {
			isa = PBXProject;
			attributes = {
				LastSwiftUpdateCheck = 0940;
				LastUpgradeCheck = 0940;
				ORGANIZATIONNAME = "Fafadia Tech";
				TargetAttributes = {
					421ADFB42156407400C00F6F = {
						CreatedOnToolsVersion = 9.4.1;
						ProvisioningStyle = Automatic;
						SystemCapabilities = {
							com.apple.Push = {
								enabled = 1;
							};
						};
					};
					421ADFCB2156407600C00F6F = {
						CreatedOnToolsVersion = 9.4.1;
						ProvisioningStyle = Automatic;
						TestTargetID = 421ADFB42156407400C00F6F;
					};
					421ADFD62156407600C00F6F = {
						CreatedOnToolsVersion = 9.4.1;
						ProvisioningStyle = Automatic;
						TestTargetID = 421ADFB42156407400C00F6F;
					};
				};
			};
			buildConfigurationList = 421ADFB02156407400C00F6F /* Build configuration list for PBXProject "NewsApp" */;
			compatibilityVersion = "Xcode 8.0";
			developmentRegion = en;
			hasScannedForEncodings = 0;
			knownRegions = (
				en,
				Base,
			);
			mainGroup = 421ADFAC2156407400C00F6F;
			productRefGroup = 421ADFB62156407400C00F6F /* Products */;
			projectDirPath = "";
			projectRoot = "";
			targets = (
				421ADFB42156407400C00F6F /* NewsApp */,
				421ADFCB2156407600C00F6F /* NewsAppTests */,
				421ADFD62156407600C00F6F /* NewsAppUITests */,
			);
		};
/* End PBXProject section */

/* Begin PBXResourcesBuildPhase section */
		421ADFB32156407400C00F6F /* Resources */ = {
			isa = PBXResourcesBuildPhase;
			buildActionMask = 2147483647;
			files = (
				26DE84992223BFF4000A32F7 /* Main.storyboard in Resources */,
				2685CF17216DDEB300C2CECF /* HelveticaNeueBoldItalic.ttf in Resources */,
				2685CF13216DDEB300C2CECF /* HelveticaNeueBold.ttf in Resources */,
				2685CF11216DDEB300C2CECF /* HelveticaNeueLight.ttf in Resources */,
				2685CF12216DDEB300C2CECF /* HelveticaNeueUltraLight.ttf in Resources */,
				26C24721219D95D000A87A3B /* GmailCredentials.plist in Resources */,
				2685CF14216DDEB300C2CECF /* HelveticaNeueCondensedBlack.ttf in Resources */,
				421ADFC62156407600C00F6F /* LaunchScreen.storyboard in Resources */,
				2685CF16216DDEB300C2CECF /* HelveticaNeueCondensedBold.ttf in Resources */,
				2685CF10216DDEB300C2CECF /* HelveticaNeueLightItalic.ttf in Resources */,
				2685CF15216DDEB300C2CECF /* HelveticaNeueUltraLightItal.ttf in Resources */,
				7E1D139D216CCD9000FE342A /* news.json in Resources */,
				2685CF0F216DDEB300C2CECF /* HelveticaNeueItalic.ttf in Resources */,
				42D12BF6215A21E10085EF12 /* credentials.plist in Resources */,
				422E5C77222506D800D27E23 /* navmenu.json in Resources */,
				421ADFC32156407600C00F6F /* Assets.xcassets in Resources */,
			);
			runOnlyForDeploymentPostprocessing = 0;
		};
		421ADFCA2156407600C00F6F /* Resources */ = {
			isa = PBXResourcesBuildPhase;
			buildActionMask = 2147483647;
			files = (
			);
			runOnlyForDeploymentPostprocessing = 0;
		};
		421ADFD52156407600C00F6F /* Resources */ = {
			isa = PBXResourcesBuildPhase;
			buildActionMask = 2147483647;
			files = (
			);
			runOnlyForDeploymentPostprocessing = 0;
		};
/* End PBXResourcesBuildPhase section */

/* Begin PBXShellScriptBuildPhase section */
		13535408023F39BB35B8B79C /* [CP] Copy Pods Resources */ = {
			isa = PBXShellScriptBuildPhase;
			buildActionMask = 2147483647;
			files = (
			);
			inputPaths = (
				"${SRCROOT}/Pods/Target Support Files/Pods-NewsApp/Pods-NewsApp-resources.sh",
				"${PODS_ROOT}/GoogleSignIn/Resources/GoogleSignIn.bundle",
			);
			name = "[CP] Copy Pods Resources";
			outputPaths = (
				"${TARGET_BUILD_DIR}/${UNLOCALIZED_RESOURCES_FOLDER_PATH}/GoogleSignIn.bundle",
			);
			runOnlyForDeploymentPostprocessing = 0;
			shellPath = /bin/sh;
			shellScript = "\"${SRCROOT}/Pods/Target Support Files/Pods-NewsApp/Pods-NewsApp-resources.sh\"\n";
			showEnvVarsInLog = 0;
		};
		26080AD9221ACB06004B58E6 /* ShellScript */ = {
			isa = PBXShellScriptBuildPhase;
			buildActionMask = 2147483647;
			files = (
			);
			inputPaths = (
				"",
				"",
			);
			outputPaths = (
			);
			runOnlyForDeploymentPostprocessing = 0;
			shellPath = /bin/sh;
			shellScript = "\"${PODS_ROOT}/Fabric/run\" 195cccfe5890fe695edaa04247191f89302a448f 7f01ca72db222c17e5cf2aa5f19cf00269f2c224a039932a54b9f401d767c378\n";
		};
		2A61B467375C987B24EE6A90 /* [CP] Check Pods Manifest.lock */ = {
			isa = PBXShellScriptBuildPhase;
			buildActionMask = 2147483647;
			files = (
			);
			inputPaths = (
				"${PODS_PODFILE_DIR_PATH}/Podfile.lock",
				"${PODS_ROOT}/Manifest.lock",
			);
			name = "[CP] Check Pods Manifest.lock";
			outputPaths = (
				"$(DERIVED_FILE_DIR)/Pods-NewsAppUITests-checkManifestLockResult.txt",
			);
			runOnlyForDeploymentPostprocessing = 0;
			shellPath = /bin/sh;
			shellScript = "diff \"${PODS_PODFILE_DIR_PATH}/Podfile.lock\" \"${PODS_ROOT}/Manifest.lock\" > /dev/null\nif [ $? != 0 ] ; then\n    # print error to STDERR\n    echo \"error: The sandbox is not in sync with the Podfile.lock. Run 'pod install' or update your CocoaPods installation.\" >&2\n    exit 1\nfi\n# This output is used by Xcode 'outputs' to avoid re-running this script phase.\necho \"SUCCESS\" > \"${SCRIPT_OUTPUT_FILE_0}\"\n";
			showEnvVarsInLog = 0;
		};
		89C714FBBEF706F3D69122F9 /* [CP] Check Pods Manifest.lock */ = {
			isa = PBXShellScriptBuildPhase;
			buildActionMask = 2147483647;
			files = (
			);
			inputPaths = (
				"${PODS_PODFILE_DIR_PATH}/Podfile.lock",
				"${PODS_ROOT}/Manifest.lock",
			);
			name = "[CP] Check Pods Manifest.lock";
			outputPaths = (
				"$(DERIVED_FILE_DIR)/Pods-NewsAppTests-checkManifestLockResult.txt",
			);
			runOnlyForDeploymentPostprocessing = 0;
			shellPath = /bin/sh;
			shellScript = "diff \"${PODS_PODFILE_DIR_PATH}/Podfile.lock\" \"${PODS_ROOT}/Manifest.lock\" > /dev/null\nif [ $? != 0 ] ; then\n    # print error to STDERR\n    echo \"error: The sandbox is not in sync with the Podfile.lock. Run 'pod install' or update your CocoaPods installation.\" >&2\n    exit 1\nfi\n# This output is used by Xcode 'outputs' to avoid re-running this script phase.\necho \"SUCCESS\" > \"${SCRIPT_OUTPUT_FILE_0}\"\n";
			showEnvVarsInLog = 0;
		};
		E625024055F7036CE7E77A23 /* [CP] Embed Pods Frameworks */ = {
			isa = PBXShellScriptBuildPhase;
			buildActionMask = 2147483647;
			files = (
			);
			inputPaths = (
				"${SRCROOT}/Pods/Target Support Files/Pods-NewsApp/Pods-NewsApp-frameworks.sh",
				"${BUILT_PRODUCTS_DIR}/Alamofire/Alamofire.framework",
				"${BUILT_PRODUCTS_DIR}/Bolts/Bolts.framework",
				"${BUILT_PRODUCTS_DIR}/FBSDKCoreKit/FBSDKCoreKit.framework",
				"${BUILT_PRODUCTS_DIR}/FBSDKLoginKit/FBSDKLoginKit.framework",
				"${BUILT_PRODUCTS_DIR}/GTMOAuth2/GTMOAuth2.framework",
				"${BUILT_PRODUCTS_DIR}/GTMSessionFetcher/GTMSessionFetcher.framework",
				"${BUILT_PRODUCTS_DIR}/GoogleToolboxForMac/GoogleToolboxForMac.framework",
				"${BUILT_PRODUCTS_DIR}/MDFInternationalization/MDFInternationalization.framework",
				"${BUILT_PRODUCTS_DIR}/MaterialComponents/MaterialComponents.framework",
				"${BUILT_PRODUCTS_DIR}/MotionAnimator/MotionAnimator.framework",
				"${BUILT_PRODUCTS_DIR}/MotionInterchange/MotionInterchange.framework",
				"${BUILT_PRODUCTS_DIR}/NightNight/NightNight.framework",
				"${BUILT_PRODUCTS_DIR}/SDWebImage/SDWebImage.framework",
				"${BUILT_PRODUCTS_DIR}/Sentry/Sentry.framework",
				"${BUILT_PRODUCTS_DIR}/SkyFloatingLabelTextField/SkyFloatingLabelTextField.framework",
				"${BUILT_PRODUCTS_DIR}/SwiftDevice/SwiftDevice.framework",
				"${BUILT_PRODUCTS_DIR}/SwiftyJSON/SwiftyJSON.framework",
				"${BUILT_PRODUCTS_DIR}/TAPageControl/TAPageControl.framework",
				"${BUILT_PRODUCTS_DIR}/Toast-Swift/Toast_Swift.framework",
				"${BUILT_PRODUCTS_DIR}/XLPagerTabStrip/XLPagerTabStrip.framework",
			);
			name = "[CP] Embed Pods Frameworks";
			outputPaths = (
				"${TARGET_BUILD_DIR}/${FRAMEWORKS_FOLDER_PATH}/Alamofire.framework",
				"${TARGET_BUILD_DIR}/${FRAMEWORKS_FOLDER_PATH}/Bolts.framework",
				"${TARGET_BUILD_DIR}/${FRAMEWORKS_FOLDER_PATH}/FBSDKCoreKit.framework",
				"${TARGET_BUILD_DIR}/${FRAMEWORKS_FOLDER_PATH}/FBSDKLoginKit.framework",
				"${TARGET_BUILD_DIR}/${FRAMEWORKS_FOLDER_PATH}/GTMOAuth2.framework",
				"${TARGET_BUILD_DIR}/${FRAMEWORKS_FOLDER_PATH}/GTMSessionFetcher.framework",
				"${TARGET_BUILD_DIR}/${FRAMEWORKS_FOLDER_PATH}/GoogleToolboxForMac.framework",
				"${TARGET_BUILD_DIR}/${FRAMEWORKS_FOLDER_PATH}/MDFInternationalization.framework",
				"${TARGET_BUILD_DIR}/${FRAMEWORKS_FOLDER_PATH}/MaterialComponents.framework",
				"${TARGET_BUILD_DIR}/${FRAMEWORKS_FOLDER_PATH}/MotionAnimator.framework",
				"${TARGET_BUILD_DIR}/${FRAMEWORKS_FOLDER_PATH}/MotionInterchange.framework",
				"${TARGET_BUILD_DIR}/${FRAMEWORKS_FOLDER_PATH}/NightNight.framework",
				"${TARGET_BUILD_DIR}/${FRAMEWORKS_FOLDER_PATH}/SDWebImage.framework",
				"${TARGET_BUILD_DIR}/${FRAMEWORKS_FOLDER_PATH}/Sentry.framework",
				"${TARGET_BUILD_DIR}/${FRAMEWORKS_FOLDER_PATH}/SkyFloatingLabelTextField.framework",
				"${TARGET_BUILD_DIR}/${FRAMEWORKS_FOLDER_PATH}/SwiftDevice.framework",
				"${TARGET_BUILD_DIR}/${FRAMEWORKS_FOLDER_PATH}/SwiftyJSON.framework",
				"${TARGET_BUILD_DIR}/${FRAMEWORKS_FOLDER_PATH}/TAPageControl.framework",
				"${TARGET_BUILD_DIR}/${FRAMEWORKS_FOLDER_PATH}/Toast_Swift.framework",
				"${TARGET_BUILD_DIR}/${FRAMEWORKS_FOLDER_PATH}/XLPagerTabStrip.framework",
			);
			runOnlyForDeploymentPostprocessing = 0;
			shellPath = /bin/sh;
			shellScript = "\"${SRCROOT}/Pods/Target Support Files/Pods-NewsApp/Pods-NewsApp-frameworks.sh\"\n";
			showEnvVarsInLog = 0;
		};
		F28C250E8291BE55F05D1B14 /* [CP] Check Pods Manifest.lock */ = {
			isa = PBXShellScriptBuildPhase;
			buildActionMask = 2147483647;
			files = (
			);
			inputPaths = (
				"${PODS_PODFILE_DIR_PATH}/Podfile.lock",
				"${PODS_ROOT}/Manifest.lock",
			);
			name = "[CP] Check Pods Manifest.lock";
			outputPaths = (
				"$(DERIVED_FILE_DIR)/Pods-NewsApp-checkManifestLockResult.txt",
			);
			runOnlyForDeploymentPostprocessing = 0;
			shellPath = /bin/sh;
			shellScript = "diff \"${PODS_PODFILE_DIR_PATH}/Podfile.lock\" \"${PODS_ROOT}/Manifest.lock\" > /dev/null\nif [ $? != 0 ] ; then\n    # print error to STDERR\n    echo \"error: The sandbox is not in sync with the Podfile.lock. Run 'pod install' or update your CocoaPods installation.\" >&2\n    exit 1\nfi\n# This output is used by Xcode 'outputs' to avoid re-running this script phase.\necho \"SUCCESS\" > \"${SCRIPT_OUTPUT_FILE_0}\"\n";
			showEnvVarsInLog = 0;
		};
/* End PBXShellScriptBuildPhase section */

/* Begin PBXSourcesBuildPhase section */
		421ADFB12156407400C00F6F /* Sources */ = {
			isa = PBXSourcesBuildPhase;
			buildActionMask = 2147483647;
			files = (
				260FB9D12221656F008B0291 /* LikeDislike+CoreDataClass.swift in Sources */,
				2663DE27224A416A005DCFB5 /* SourceVC.swift in Sources */,
				26BEF80A222E77700002DEBD /* MenuHeadings+CoreDataClass.swift in Sources */,
				260FB9CF2221656F008B0291 /* BookmarkArticles+CoreDataClass.swift in Sources */,
				421ADFBB2156407400C00F6F /* HomeVC.swift in Sources */,
				264C5396219AAAD60050F79D /* Toast.swift in Sources */,
				263421F321624AD200C8510F /* SettingsTVC.swift in Sources */,
				26ACEA94216733BA000EF3C7 /* CategoryListVC.swift in Sources */,
				421ADFB92156407400C00F6F /* AppDelegate.swift in Sources */,
				263421F12162310D00C8510F /* LoginVC.swift in Sources */,
				26DE849C2223CC1C000A32F7 /* PeriodicTags+CoreDataClass.swift in Sources */,
				264E304B2229151E00F73147 /* submenuCVCell.swift in Sources */,
				260FB9CC2221656F008B0291 /* HashTag+CoreDataProperties.swift in Sources */,
				266C6B302158C2B6009A0A9D /* SearchResultTVCell.swift in Sources */,
				260FB9D92221656F008B0291 /* NewsURL+CoreDataClass.swift in Sources */,
				427B430B2180840E00F00269 /* Helper.swift in Sources */,
				2663DE29224B4131005DCFB5 /* sourceTVCell.swift in Sources */,
				260FB9D52221656F008B0291 /* NewsArticle+CoreDataClass.swift in Sources */,
				422B5C53222118A400091429 /* MenuTVCell.swift in Sources */,
				260FB9D32221656F008B0291 /* SearchArticles+CoreDataClass.swift in Sources */,
				261AA131217F40D20044585C /* APIManager.swift in Sources */,
				263421EF216230F900C8510F /* SignUpVC.swift in Sources */,
				260FB9D02221656F008B0291 /* BookmarkArticles+CoreDataProperties.swift in Sources */,
				26BEF80B222E77700002DEBD /* MenuHeadings+CoreDataProperties.swift in Sources */,
				26ACEA96216738BB000EF3C7 /* CategoryListTVCell.swift in Sources */,
				42D12BF2215A0AEB0085EF12 /* SearchVC.swift in Sources */,
				260FB9D82221656F008B0291 /* Category+CoreDataProperties.swift in Sources */,
				26BEF806222E77700002DEBD /* MenuHashTag+CoreDataClass.swift in Sources */,
				421ADFC12156407400C00F6F /* NewsApp.xcdatamodeld in Sources */,
				4265E20821B8E9F800C3F0D7 /* NotificationsName+Extensions.swift in Sources */,
				26BEF807222E77700002DEBD /* MenuHashTag+CoreDataProperties.swift in Sources */,
				2690F3CC21BF8C12003E65CA /* SettingsTVCell.swift in Sources */,
				260FB9CB2221656F008B0291 /* HashTag+CoreDataClass.swift in Sources */,
				26D3C90A21CBAC9C003F7331 /* AVPlayerView.swift in Sources */,
				26BEF80E222E7C9F0002DEBD /* HeadingSubMenu+CoreDataClass.swift in Sources */,
				42D12BF4215A0FA60085EF12 /* common.swift in Sources */,
				263F2D8F216B2DEE00764C45 /* DataModel.swift in Sources */,
				26BEF80F222E7C9F0002DEBD /* HeadingSubMenu+CoreDataProperties.swift in Sources */,
				260FB9DA2221656F008B0291 /* NewsURL+CoreDataProperties.swift in Sources */,
				269A53D622016D6B0031DD78 /* BookmarkDetailVC.swift in Sources */,
				42A1A807224DEB4F00727882 /* PageControlVC.swift in Sources */,
				263F2D9C216B7FC700764C45 /* ProfileVC.swift in Sources */,
				421ADFF22156755100C00F6F /* SuggestedNewsCVCell.swift in Sources */,
				260FB9D72221656F008B0291 /* Category+CoreDataClass.swift in Sources */,
				260FB9CD2221656F008B0291 /* Media+CoreDataClass.swift in Sources */,
				423F0A502170CF19001D52B5 /* ChangePasswordVC.swift in Sources */,
				7E1D1399216CC79000FE342A /* HomeParentVC.swift in Sources */,
				2663DE2B224B9A3B005DCFB5 /* ShuffleDetailVC.swift in Sources */,
				268C112321E4C0F300C76B9C /* BookmarkVC.swift in Sources */,
				26C24723219DA6C200A87A3B /* ForgotPasswordVC.swift in Sources */,
				421ADFEE2156575300C00F6F /* HomeNewsTVCell.swift in Sources */,
				421ADFF021566FE000C00F6F /* NewsDetailVC.swift in Sources */,
				261AA133217F40F20044585C /* DataManager.swift in Sources */,
				260FB9D42221656F008B0291 /* SearchArticles+CoreDataProperties.swift in Sources */,
				260FB9D22221656F008B0291 /* LikeDislike+CoreDataProperties.swift in Sources */,
				260FB9D62221656F008B0291 /* NewsArticle+CoreDataProperties.swift in Sources */,
				4266D16321EEF4DA00CBD61A /* AboutUsVC.swift in Sources */,
				268C112521E4C36E00C76B9C /* BookmarkTVCell.swift in Sources */,
				26DE849D2223CC1C000A32F7 /* PeriodicTags+CoreDataProperties.swift in Sources */,
				26F9A0FB2209B4EC008694BC /* Reachability.swift in Sources */,
				265E218621649ACE0053E5A0 /* SettingsVC.swift in Sources */,
				260FB9CE2221656F008B0291 /* Media+CoreDataProperties.swift in Sources */,
			);
			runOnlyForDeploymentPostprocessing = 0;
		};
		421ADFC82156407600C00F6F /* Sources */ = {
			isa = PBXSourcesBuildPhase;
			buildActionMask = 2147483647;
			files = (
				2648C69721C917D500CCB657 /* FunctionalityTests.swift in Sources */,
				2648C69521C915F300CCB657 /* SocialLoginTests.swift in Sources */,
				263589F921AEC00B00C9A444 /* HomeVCTest.swift in Sources */,
				421ADFD12156407600C00F6F /* NewsAppTests.swift in Sources */,
				263589F721AEBE1800C9A444 /* APITests.swift in Sources */,
			);
			runOnlyForDeploymentPostprocessing = 0;
		};
		421ADFD32156407600C00F6F /* Sources */ = {
			isa = PBXSourcesBuildPhase;
			buildActionMask = 2147483647;
			files = (
				421ADFDC2156407700C00F6F /* NewsAppUITests.swift in Sources */,
				2685744821CCBE9400009252 /* LoginUITest.swift in Sources */,
				26718D0F21CD0117009CC66E /* HomeUITest.swift in Sources */,
				26718D1121CD01A0009CC66E /* SignUpUITest.swift in Sources */,
			);
			runOnlyForDeploymentPostprocessing = 0;
		};
/* End PBXSourcesBuildPhase section */

/* Begin PBXTargetDependency section */
		421ADFCE2156407600C00F6F /* PBXTargetDependency */ = {
			isa = PBXTargetDependency;
			target = 421ADFB42156407400C00F6F /* NewsApp */;
			targetProxy = 421ADFCD2156407600C00F6F /* PBXContainerItemProxy */;
		};
		421ADFD92156407600C00F6F /* PBXTargetDependency */ = {
			isa = PBXTargetDependency;
			target = 421ADFB42156407400C00F6F /* NewsApp */;
			targetProxy = 421ADFD82156407600C00F6F /* PBXContainerItemProxy */;
		};
/* End PBXTargetDependency section */

/* Begin PBXVariantGroup section */
		421ADFC42156407600C00F6F /* LaunchScreen.storyboard */ = {
			isa = PBXVariantGroup;
			children = (
				421ADFC52156407600C00F6F /* Base */,
			);
			name = LaunchScreen.storyboard;
			sourceTree = "<group>";
		};
/* End PBXVariantGroup section */

/* Begin XCBuildConfiguration section */
		421ADFDE2156407700C00F6F /* Debug */ = {
			isa = XCBuildConfiguration;
			buildSettings = {
				ALWAYS_SEARCH_USER_PATHS = NO;
				CLANG_ANALYZER_NONNULL = YES;
				CLANG_ANALYZER_NUMBER_OBJECT_CONVERSION = YES_AGGRESSIVE;
				CLANG_CXX_LANGUAGE_STANDARD = "gnu++14";
				CLANG_CXX_LIBRARY = "libc++";
				CLANG_ENABLE_MODULES = YES;
				CLANG_ENABLE_OBJC_ARC = YES;
				CLANG_ENABLE_OBJC_WEAK = YES;
				CLANG_WARN_BLOCK_CAPTURE_AUTORELEASING = YES;
				CLANG_WARN_BOOL_CONVERSION = YES;
				CLANG_WARN_COMMA = YES;
				CLANG_WARN_CONSTANT_CONVERSION = YES;
				CLANG_WARN_DEPRECATED_OBJC_IMPLEMENTATIONS = YES;
				CLANG_WARN_DIRECT_OBJC_ISA_USAGE = YES_ERROR;
				CLANG_WARN_DOCUMENTATION_COMMENTS = YES;
				CLANG_WARN_EMPTY_BODY = YES;
				CLANG_WARN_ENUM_CONVERSION = YES;
				CLANG_WARN_INFINITE_RECURSION = YES;
				CLANG_WARN_INT_CONVERSION = YES;
				CLANG_WARN_NON_LITERAL_NULL_CONVERSION = YES;
				CLANG_WARN_OBJC_IMPLICIT_RETAIN_SELF = YES;
				CLANG_WARN_OBJC_LITERAL_CONVERSION = YES;
				CLANG_WARN_OBJC_ROOT_CLASS = YES_ERROR;
				CLANG_WARN_RANGE_LOOP_ANALYSIS = YES;
				CLANG_WARN_STRICT_PROTOTYPES = YES;
				CLANG_WARN_SUSPICIOUS_MOVE = YES;
				CLANG_WARN_UNGUARDED_AVAILABILITY = YES_AGGRESSIVE;
				CLANG_WARN_UNREACHABLE_CODE = YES;
				CLANG_WARN__DUPLICATE_METHOD_MATCH = YES;
				CODE_SIGN_IDENTITY = "iPhone Developer";
				COPY_PHASE_STRIP = NO;
				DEBUG_INFORMATION_FORMAT = "dwarf-with-dsym";
				ENABLE_STRICT_OBJC_MSGSEND = YES;
				ENABLE_TESTABILITY = YES;
				GCC_C_LANGUAGE_STANDARD = gnu11;
				GCC_DYNAMIC_NO_PIC = NO;
				GCC_NO_COMMON_BLOCKS = YES;
				GCC_OPTIMIZATION_LEVEL = 0;
				GCC_PREPROCESSOR_DEFINITIONS = (
					"DEBUG=1",
					"$(inherited)",
				);
				GCC_WARN_64_TO_32_BIT_CONVERSION = YES;
				GCC_WARN_ABOUT_RETURN_TYPE = YES_ERROR;
				GCC_WARN_UNDECLARED_SELECTOR = YES;
				GCC_WARN_UNINITIALIZED_AUTOS = YES_AGGRESSIVE;
				GCC_WARN_UNUSED_FUNCTION = YES;
				GCC_WARN_UNUSED_VARIABLE = YES;
				IPHONEOS_DEPLOYMENT_TARGET = 11.1;
				MTL_ENABLE_DEBUG_INFO = YES;
				ONLY_ACTIVE_ARCH = YES;
				OTHER_LDFLAGS = "-ObjC";
				SDKROOT = iphoneos;
				SWIFT_ACTIVE_COMPILATION_CONDITIONS = DEBUG;
				SWIFT_OPTIMIZATION_LEVEL = "-Onone";
				SWIFT_REFLECTION_METADATA_LEVEL = none;
				SWIFT_VERSION = 4.0;
			};
			name = Debug;
		};
		421ADFDF2156407700C00F6F /* Release */ = {
			isa = XCBuildConfiguration;
			buildSettings = {
				ALWAYS_SEARCH_USER_PATHS = NO;
				CLANG_ANALYZER_NONNULL = YES;
				CLANG_ANALYZER_NUMBER_OBJECT_CONVERSION = YES_AGGRESSIVE;
				CLANG_CXX_LANGUAGE_STANDARD = "gnu++14";
				CLANG_CXX_LIBRARY = "libc++";
				CLANG_ENABLE_MODULES = YES;
				CLANG_ENABLE_OBJC_ARC = YES;
				CLANG_ENABLE_OBJC_WEAK = YES;
				CLANG_WARN_BLOCK_CAPTURE_AUTORELEASING = YES;
				CLANG_WARN_BOOL_CONVERSION = YES;
				CLANG_WARN_COMMA = YES;
				CLANG_WARN_CONSTANT_CONVERSION = YES;
				CLANG_WARN_DEPRECATED_OBJC_IMPLEMENTATIONS = YES;
				CLANG_WARN_DIRECT_OBJC_ISA_USAGE = YES_ERROR;
				CLANG_WARN_DOCUMENTATION_COMMENTS = YES;
				CLANG_WARN_EMPTY_BODY = YES;
				CLANG_WARN_ENUM_CONVERSION = YES;
				CLANG_WARN_INFINITE_RECURSION = YES;
				CLANG_WARN_INT_CONVERSION = YES;
				CLANG_WARN_NON_LITERAL_NULL_CONVERSION = YES;
				CLANG_WARN_OBJC_IMPLICIT_RETAIN_SELF = YES;
				CLANG_WARN_OBJC_LITERAL_CONVERSION = YES;
				CLANG_WARN_OBJC_ROOT_CLASS = YES_ERROR;
				CLANG_WARN_RANGE_LOOP_ANALYSIS = YES;
				CLANG_WARN_STRICT_PROTOTYPES = YES;
				CLANG_WARN_SUSPICIOUS_MOVE = YES;
				CLANG_WARN_UNGUARDED_AVAILABILITY = YES_AGGRESSIVE;
				CLANG_WARN_UNREACHABLE_CODE = YES;
				CLANG_WARN__DUPLICATE_METHOD_MATCH = YES;
				CODE_SIGN_IDENTITY = "iPhone Developer";
				COPY_PHASE_STRIP = NO;
				DEBUG_INFORMATION_FORMAT = "dwarf-with-dsym";
				ENABLE_NS_ASSERTIONS = NO;
				ENABLE_STRICT_OBJC_MSGSEND = YES;
				GCC_C_LANGUAGE_STANDARD = gnu11;
				GCC_NO_COMMON_BLOCKS = YES;
				GCC_WARN_64_TO_32_BIT_CONVERSION = YES;
				GCC_WARN_ABOUT_RETURN_TYPE = YES_ERROR;
				GCC_WARN_UNDECLARED_SELECTOR = YES;
				GCC_WARN_UNINITIALIZED_AUTOS = YES_AGGRESSIVE;
				GCC_WARN_UNUSED_FUNCTION = YES;
				GCC_WARN_UNUSED_VARIABLE = YES;
				IPHONEOS_DEPLOYMENT_TARGET = 11.1;
				MTL_ENABLE_DEBUG_INFO = NO;
				OTHER_LDFLAGS = "-ObjC";
				SDKROOT = iphoneos;
				SWIFT_OPTIMIZATION_LEVEL = "-Owholemodule";
				SWIFT_REFLECTION_METADATA_LEVEL = none;
				SWIFT_VERSION = 4.0;
				VALIDATE_PRODUCT = YES;
			};
			name = Release;
		};
		421ADFE12156407700C00F6F /* Debug */ = {
			isa = XCBuildConfiguration;
			baseConfigurationReference = D2728CD09D4106E0B1B64696 /* Pods-NewsApp.debug.xcconfig */;
			buildSettings = {
				ASSETCATALOG_COMPILER_APPICON_NAME = AppIcon;
				CODE_SIGN_ENTITLEMENTS = NewsApp/NewsApp.entitlements;
				CODE_SIGN_IDENTITY = "iPhone Developer";
				CODE_SIGN_STYLE = Automatic;
				DEVELOPMENT_TEAM = FHCLSYM87Q;
				INFOPLIST_FILE = NewsApp/Info.plist;
				LD_RUNPATH_SEARCH_PATHS = "$(inherited) @executable_path/Frameworks";
				PRODUCT_BUNDLE_IDENTIFIER = com.fafadiatech.Newscout;
				PRODUCT_NAME = "$(TARGET_NAME)";
				PROVISIONING_PROFILE_SPECIFIER = "";
				SWIFT_VERSION = 4.0;
				TARGETED_DEVICE_FAMILY = "1,2";
			};
			name = Debug;
		};
		421ADFE22156407700C00F6F /* Release */ = {
			isa = XCBuildConfiguration;
			baseConfigurationReference = B4E2A515011B7DEE6BB2C6C0 /* Pods-NewsApp.release.xcconfig */;
			buildSettings = {
				ASSETCATALOG_COMPILER_APPICON_NAME = AppIcon;
				CODE_SIGN_ENTITLEMENTS = NewsApp/NewsApp.entitlements;
				CODE_SIGN_IDENTITY = "iPhone Developer";
				CODE_SIGN_STYLE = Automatic;
				DEVELOPMENT_TEAM = FHCLSYM87Q;
				INFOPLIST_FILE = NewsApp/Info.plist;
				LD_RUNPATH_SEARCH_PATHS = "$(inherited) @executable_path/Frameworks";
				PRODUCT_BUNDLE_IDENTIFIER = com.fafadiatech.Newscout;
				PRODUCT_NAME = "$(TARGET_NAME)";
				PROVISIONING_PROFILE_SPECIFIER = "";
				SWIFT_VERSION = 4.0;
				TARGETED_DEVICE_FAMILY = "1,2";
			};
			name = Release;
		};
		421ADFE42156407700C00F6F /* Debug */ = {
			isa = XCBuildConfiguration;
			baseConfigurationReference = 25A121A35B86B7FFE6946B9D /* Pods-NewsAppTests.debug.xcconfig */;
			buildSettings = {
				ALWAYS_EMBED_SWIFT_STANDARD_LIBRARIES = YES;
				BUNDLE_LOADER = "$(TEST_HOST)";
				CODE_SIGN_STYLE = Automatic;
				DEVELOPMENT_TEAM = FHCLSYM87Q;
				INFOPLIST_FILE = NewsAppTests/Info.plist;
				LD_RUNPATH_SEARCH_PATHS = "$(inherited) @executable_path/Frameworks @loader_path/Frameworks";
				PRODUCT_BUNDLE_IDENTIFIER = com.fafadiatech.fairbridge.NewsAppTests;
				PRODUCT_NAME = "$(TARGET_NAME)";
				SWIFT_VERSION = 4.0;
				TARGETED_DEVICE_FAMILY = "1,2";
				TEST_HOST = "$(BUILT_PRODUCTS_DIR)/NewsApp.app/NewsApp";
			};
			name = Debug;
		};
		421ADFE52156407700C00F6F /* Release */ = {
			isa = XCBuildConfiguration;
			baseConfigurationReference = 2F9C18092C8836EA83BB9B53 /* Pods-NewsAppTests.release.xcconfig */;
			buildSettings = {
				ALWAYS_EMBED_SWIFT_STANDARD_LIBRARIES = YES;
				BUNDLE_LOADER = "$(TEST_HOST)";
				CODE_SIGN_STYLE = Automatic;
				DEVELOPMENT_TEAM = FHCLSYM87Q;
				INFOPLIST_FILE = NewsAppTests/Info.plist;
				LD_RUNPATH_SEARCH_PATHS = "$(inherited) @executable_path/Frameworks @loader_path/Frameworks";
				PRODUCT_BUNDLE_IDENTIFIER = com.fafadiatech.fairbridge.NewsAppTests;
				PRODUCT_NAME = "$(TARGET_NAME)";
				SWIFT_VERSION = 4.0;
				TARGETED_DEVICE_FAMILY = "1,2";
				TEST_HOST = "$(BUILT_PRODUCTS_DIR)/NewsApp.app/NewsApp";
			};
			name = Release;
		};
		421ADFE72156407700C00F6F /* Debug */ = {
			isa = XCBuildConfiguration;
			baseConfigurationReference = A493D5CB52F8D7FC07A5E4B9 /* Pods-NewsAppUITests.debug.xcconfig */;
			buildSettings = {
				ALWAYS_EMBED_SWIFT_STANDARD_LIBRARIES = YES;
				CODE_SIGN_STYLE = Automatic;
				DEVELOPMENT_TEAM = FHCLSYM87Q;
				INFOPLIST_FILE = NewsAppUITests/Info.plist;
				LD_RUNPATH_SEARCH_PATHS = "$(inherited) @executable_path/Frameworks @loader_path/Frameworks";
				PRODUCT_BUNDLE_IDENTIFIER = com.fafadiatech.fairbridge.NewsAppUITests;
				PRODUCT_NAME = "$(TARGET_NAME)";
				SWIFT_VERSION = 4.0;
				TARGETED_DEVICE_FAMILY = "1,2";
				TEST_TARGET_NAME = NewsApp;
			};
			name = Debug;
		};
		421ADFE82156407700C00F6F /* Release */ = {
			isa = XCBuildConfiguration;
			baseConfigurationReference = 846165677E48DD9D789C421B /* Pods-NewsAppUITests.release.xcconfig */;
			buildSettings = {
				ALWAYS_EMBED_SWIFT_STANDARD_LIBRARIES = YES;
				CODE_SIGN_STYLE = Automatic;
				DEVELOPMENT_TEAM = FHCLSYM87Q;
				INFOPLIST_FILE = NewsAppUITests/Info.plist;
				LD_RUNPATH_SEARCH_PATHS = "$(inherited) @executable_path/Frameworks @loader_path/Frameworks";
				PRODUCT_BUNDLE_IDENTIFIER = com.fafadiatech.fairbridge.NewsAppUITests;
				PRODUCT_NAME = "$(TARGET_NAME)";
				SWIFT_VERSION = 4.0;
				TARGETED_DEVICE_FAMILY = "1,2";
				TEST_TARGET_NAME = NewsApp;
			};
			name = Release;
		};
/* End XCBuildConfiguration section */

/* Begin XCConfigurationList section */
		421ADFB02156407400C00F6F /* Build configuration list for PBXProject "NewsApp" */ = {
			isa = XCConfigurationList;
			buildConfigurations = (
				421ADFDE2156407700C00F6F /* Debug */,
				421ADFDF2156407700C00F6F /* Release */,
			);
			defaultConfigurationIsVisible = 0;
			defaultConfigurationName = Release;
		};
		421ADFE02156407700C00F6F /* Build configuration list for PBXNativeTarget "NewsApp" */ = {
			isa = XCConfigurationList;
			buildConfigurations = (
				421ADFE12156407700C00F6F /* Debug */,
				421ADFE22156407700C00F6F /* Release */,
			);
			defaultConfigurationIsVisible = 0;
			defaultConfigurationName = Release;
		};
		421ADFE32156407700C00F6F /* Build configuration list for PBXNativeTarget "NewsAppTests" */ = {
			isa = XCConfigurationList;
			buildConfigurations = (
				421ADFE42156407700C00F6F /* Debug */,
				421ADFE52156407700C00F6F /* Release */,
			);
			defaultConfigurationIsVisible = 0;
			defaultConfigurationName = Release;
		};
		421ADFE62156407700C00F6F /* Build configuration list for PBXNativeTarget "NewsAppUITests" */ = {
			isa = XCConfigurationList;
			buildConfigurations = (
				421ADFE72156407700C00F6F /* Debug */,
				421ADFE82156407700C00F6F /* Release */,
			);
			defaultConfigurationIsVisible = 0;
			defaultConfigurationName = Release;
		};
/* End XCConfigurationList section */

/* Begin XCVersionGroup section */
		421ADFBF2156407400C00F6F /* NewsApp.xcdatamodeld */ = {
			isa = XCVersionGroup;
			children = (
				421ADFC02156407400C00F6F /* NewsApp.xcdatamodel */,
			);
			currentVersion = 421ADFC02156407400C00F6F /* NewsApp.xcdatamodel */;
			path = NewsApp.xcdatamodeld;
			sourceTree = "<group>";
			versionGroupType = wrapper.xcdatamodel;
		};
/* End XCVersionGroup section */
	};
	rootObject = 421ADFAD2156407400C00F6F /* Project object */;
}
